
Microsoft Visual Studio Solution File, Format Version 12.00
# Visual Studio 15
VisualStudioVersion = 15.0.27130.2027
MinimumVisualStudioVersion = 10.0.40219.1
Project("{FAE04EC0-301F-11D3-BF4B-00C04F79EFBC}") = "BoekenWinkel", "BoekenWinkel\BoekenWinkel.csproj", "{657B1301-83AC-4034-B0F1-23CBD8BF51B5}"
EndProject
Global
	GlobalSection(SolutionConfigurationPlatforms) = preSolution
		Debug|Any CPU = Debug|Any CPU
		Release|Any CPU = Release|Any CPU
	EndGlobalSection
	GlobalSection(ProjectConfigurationPlatforms) = postSolution
		{657B1301-83AC-4034-B0F1-23CBD8BF51B5}.Debug|Any CPU.ActiveCfg = Debug|Any CPU
		{657B1301-83AC-4034-B0F1-23CBD8BF51B5}.Debug|Any CPU.Build.0 = Debug|Any CPU
		{657B1301-83AC-4034-B0F1-23CBD8BF51B5}.Release|Any CPU.ActiveCfg = Release|Any CPU
		{657B1301-83AC-4034-B0F1-23CBD8BF51B5}.Release|Any CPU.Build.0 = Release|Any CPU
	EndGlobalSection
	GlobalSection(SolutionProperties) = preSolution
		HideSolutionNode = FALSE
	EndGlobalSection
	GlobalSection(ExtensibilityGlobals) = postSolution
		SolutionGuid = {168A4D0D-D6E2-4596-BAC4-EE8294D8B283}
	EndGlobalSection
EndGlobal
